
Microsoft Visual Studio Solution File, Format Version 12.00
# Visual Studio Version 17
VisualStudioVersion = 17.7.34031.279
MinimumVisualStudioVersion = 10.0.40219.1
Project("{FAE04EC0-301F-11D3-BF4B-00C04F79EFBC}") = "github", "github.csproj", "{34A37F1E-7D2D-4028-8698-90C7C6EC8BF6}"
EndProject
Global
	GlobalSection(SolutionConfigurationPlatforms) = preSolution
		Debug|Any CPU = Debug|Any CPU
		Release|Any CPU = Release|Any CPU
	EndGlobalSection
	GlobalSection(ProjectConfigurationPlatforms) = postSolution
		{34A37F1E-7D2D-4028-8698-90C7C6EC8BF6}.Debug|Any CPU.ActiveCfg = Debug|Any CPU
		{34A37F1E-7D2D-4028-8698-90C7C6EC8BF6}.Debug|Any CPU.Build.0 = Debug|Any CPU
		{34A37F1E-7D2D-4028-8698-90C7C6EC8BF6}.Release|Any CPU.ActiveCfg = Release|Any CPU
		{34A37F1E-7D2D-4028-8698-90C7C6EC8BF6}.Release|Any CPU.Build.0 = Release|Any CPU
	EndGlobalSection
	GlobalSection(SolutionProperties) = preSolution
		HideSolutionNode = FALSE
	EndGlobalSection
	GlobalSection(ExtensibilityGlobals) = postSolution
		SolutionGuid = {BD1AD683-20B7-4BD6-ADC4-1042349BE9F1}
	EndGlobalSection
EndGlobal
